
Microsoft Visual Studio Solution File, Format Version 12.00
# Visual Studio Version 17
VisualStudioVersion = 17.5.002.0
MinimumVisualStudioVersion = 10.0.40219.1
Project("{9A19103F-16F7-4668-BE54-9A1E7A4F7556}") = "Day4", "Day4.csproj", "{B9C98845-6868-4487-A012-4800F16CACDE}"
EndProject
Global
	GlobalSection(SolutionConfigurationPlatforms) = preSolution
		Debug|Any CPU = Debug|Any CPU
		Release|Any CPU = Release|Any CPU
	EndGlobalSection
	GlobalSection(ProjectConfigurationPlatforms) = postSolution
		{B9C98845-6868-4487-A012-4800F16CACDE}.Debug|Any CPU.ActiveCfg = Debug|Any CPU
		{B9C98845-6868-4487-A012-4800F16CACDE}.Debug|Any CPU.Build.0 = Debug|Any CPU
		{B9C98845-6868-4487-A012-4800F16CACDE}.Release|Any CPU.ActiveCfg = Release|Any CPU
		{B9C98845-6868-4487-A012-4800F16CACDE}.Release|Any CPU.Build.0 = Release|Any CPU
	EndGlobalSection
	GlobalSection(SolutionProperties) = preSolution
		HideSolutionNode = FALSE
	EndGlobalSection
	GlobalSection(ExtensibilityGlobals) = postSolution
		SolutionGuid = {04733E6E-C3A3-49B6-B744-CF7280B98981}
	EndGlobalSection
EndGlobal
